
Microsoft Visual Studio Solution File, Format Version 12.00
# Visual Studio 15
VisualStudioVersion = 15.0.28307.2017
MinimumVisualStudioVersion = 10.0.40219.1
Project("{FAE04EC0-301F-11D3-BF4B-00C04F79EFBC}") = "Fabrique", "Fabrique\Fabrique.csproj", "{F4AA1653-981D-4602-B27B-EC6C8B57455D}"
EndProject
Global
	GlobalSection(SolutionConfigurationPlatforms) = preSolution
		Debug|Any CPU = Debug|Any CPU
		Release|Any CPU = Release|Any CPU
	EndGlobalSection
	GlobalSection(ProjectConfigurationPlatforms) = postSolution
		{F4AA1653-981D-4602-B27B-EC6C8B57455D}.Debug|Any CPU.ActiveCfg = Debug|Any CPU
		{F4AA1653-981D-4602-B27B-EC6C8B57455D}.Debug|Any CPU.Build.0 = Debug|Any CPU
		{F4AA1653-981D-4602-B27B-EC6C8B57455D}.Release|Any CPU.ActiveCfg = Release|Any CPU
		{F4AA1653-981D-4602-B27B-EC6C8B57455D}.Release|Any CPU.Build.0 = Release|Any CPU
	EndGlobalSection
	GlobalSection(SolutionProperties) = preSolution
		HideSolutionNode = FALSE
	EndGlobalSection
	GlobalSection(ExtensibilityGlobals) = postSolution
		SolutionGuid = {95E31853-3F72-4E29-A147-B71883E546BE}
	EndGlobalSection
EndGlobal
